
Microsoft Visual Studio Solution File, Format Version 12.00
# Visual Studio 2012
Project("{FAE04EC0-301F-11D3-BF4B-00C04F79EFBC}") = "Winfy", "Winfy\Winfy.csproj", "{2D02C8B6-4A11-493F-8DF5-8441618A002F}"
EndProject
Project("{FAE04EC0-301F-11D3-BF4B-00C04F79EFBC}") = "Winfy.Core", "Winfy.Core\Winfy.Core.csproj", "{83442CC4-42E0-4A4B-8BB7-E913B0DCE77C}"
EndProject
Global
	GlobalSection(SolutionConfigurationPlatforms) = preSolution
		Debug|Any CPU = Debug|Any CPU
		Release|Any CPU = Release|Any CPU
	EndGlobalSection
	GlobalSection(ProjectConfigurationPlatforms) = postSolution
		{2D02C8B6-4A11-493F-8DF5-8441618A002F}.Debug|Any CPU.ActiveCfg = Debug|Any CPU
		{2D02C8B6-4A11-493F-8DF5-8441618A002F}.Debug|Any CPU.Build.0 = Debug|Any CPU
		{2D02C8B6-4A11-493F-8DF5-8441618A002F}.Release|Any CPU.ActiveCfg = Release|Any CPU
		{2D02C8B6-4A11-493F-8DF5-8441618A002F}.Release|Any CPU.Build.0 = Release|Any CPU
		{83442CC4-42E0-4A4B-8BB7-E913B0DCE77C}.Debug|Any CPU.ActiveCfg = Debug|Any CPU
		{83442CC4-42E0-4A4B-8BB7-E913B0DCE77C}.Debug|Any CPU.Build.0 = Debug|Any CPU
		{83442CC4-42E0-4A4B-8BB7-E913B0DCE77C}.Release|Any CPU.ActiveCfg = Release|Any CPU
		{83442CC4-42E0-4A4B-8BB7-E913B0DCE77C}.Release|Any CPU.Build.0 = Release|Any CPU
	EndGlobalSection
	GlobalSection(SolutionProperties) = preSolution
		HideSolutionNode = FALSE
	EndGlobalSection
EndGlobal
